
Microsoft Visual Studio Solution File, Format Version 12.00
# Visual Studio 15
VisualStudioVersion = 15.0.26730.3
MinimumVisualStudioVersion = 10.0.40219.1
Project("{FAE04EC0-301F-11D3-BF4B-00C04F79EFBC}") = "CityInfo.API", "CityInfo.API\CityInfo.API.csproj", "{C1DD56A6-1B6A-4D59-A5E5-5B2B7F2C9674}"
EndProject
Global
	GlobalSection(SolutionConfigurationPlatforms) = preSolution
		Debug|Any CPU = Debug|Any CPU
		Release|Any CPU = Release|Any CPU
	EndGlobalSection
	GlobalSection(ProjectConfigurationPlatforms) = postSolution
		{C1DD56A6-1B6A-4D59-A5E5-5B2B7F2C9674}.Debug|Any CPU.ActiveCfg = Debug|Any CPU
		{C1DD56A6-1B6A-4D59-A5E5-5B2B7F2C9674}.Debug|Any CPU.Build.0 = Debug|Any CPU
		{C1DD56A6-1B6A-4D59-A5E5-5B2B7F2C9674}.Release|Any CPU.ActiveCfg = Release|Any CPU
		{C1DD56A6-1B6A-4D59-A5E5-5B2B7F2C9674}.Release|Any CPU.Build.0 = Release|Any CPU
	EndGlobalSection
	GlobalSection(SolutionProperties) = preSolution
		HideSolutionNode = FALSE
	EndGlobalSection
	GlobalSection(ExtensibilityGlobals) = postSolution
		SolutionGuid = {754D18FB-0874-4ACE-A1A6-BFA498F56916}
	EndGlobalSection
EndGlobal
